# This file is automatically @generated by Poetry 1.8.2 and should not be changed by hand.

[[package]]
name = "mdutils"
version = "1.6.0"
description = "Useful package for creating Markdown files while executing python code."
optional = false
python-versions = "^3.6"
files = [
    {file = "mdutils-1.6.0.tar.gz", hash = "sha256:647f3cf00df39fee6c57fa6738dc1160fce1788276b5530c87d43a70cdefdaf1"},
]

[metadata]
lock-version = "2.0"
python-versions = "3.12.2"
content-hash = "24bd0a5213494cf994427a80b20e7946950db655a08120d6b8cd78a2ee7817ea"
